
Microsoft Visual Studio Solution File, Format Version 12.00
# Visual Studio Version 17
VisualStudioVersion = 17.1.32328.378
MinimumVisualStudioVersion = 10.0.40219.1
Project("{888888A0-9F3D-457C-B088-3A5042F75D52}") = "DA_GAME", "DA_GAME.pyproj", "{2FA37A7C-2E90-4A64-A699-7885AC698C36}"
EndProject
Global
	GlobalSection(SolutionConfigurationPlatforms) = preSolution
		Debug|Any CPU = Debug|Any CPU
		Release|Any CPU = Release|Any CPU
	EndGlobalSection
	GlobalSection(ProjectConfigurationPlatforms) = postSolution
		{2FA37A7C-2E90-4A64-A699-7885AC698C36}.Debug|Any CPU.ActiveCfg = Debug|Any CPU
		{2FA37A7C-2E90-4A64-A699-7885AC698C36}.Release|Any CPU.ActiveCfg = Release|Any CPU
	EndGlobalSection
	GlobalSection(SolutionProperties) = preSolution
		HideSolutionNode = FALSE
	EndGlobalSection
	GlobalSection(ExtensibilityGlobals) = postSolution
		SolutionGuid = {4B5DF8A3-09DB-45D1-B844-694A03416E4B}
	EndGlobalSection
EndGlobal
